
Microsoft Visual Studio Solution File, Format Version 12.00
Project("{FAE04EC0-301F-11D3-BF4B-00C04F79EFBC}") = "MindCareAi", "MindCareAi\MindCareAi.csproj", "{28E14501-855A-4038-A5C9-FEE74B2E4545}"
EndProject
Project("{FAE04EC0-301F-11D3-BF4B-00C04F79EFBC}") = "MindCareAi.Tests", "MindCareAi.Tests\MindCareAi.Tests.csproj", "{3CFDF6A8-CCFD-4610-BEE6-EAC869BAACF0}"
EndProject
Global
	GlobalSection(SolutionConfigurationPlatforms) = preSolution
		Debug|Any CPU = Debug|Any CPU
		Release|Any CPU = Release|Any CPU
	EndGlobalSection
	GlobalSection(ProjectConfigurationPlatforms) = postSolution
		{28E14501-855A-4038-A5C9-FEE74B2E4545}.Debug|Any CPU.ActiveCfg = Debug|Any CPU
		{28E14501-855A-4038-A5C9-FEE74B2E4545}.Debug|Any CPU.Build.0 = Debug|Any CPU
		{28E14501-855A-4038-A5C9-FEE74B2E4545}.Release|Any CPU.ActiveCfg = Release|Any CPU
		{28E14501-855A-4038-A5C9-FEE74B2E4545}.Release|Any CPU.Build.0 = Release|Any CPU
		{3CFDF6A8-CCFD-4610-BEE6-EAC869BAACF0}.Debug|Any CPU.ActiveCfg = Debug|Any CPU
		{3CFDF6A8-CCFD-4610-BEE6-EAC869BAACF0}.Debug|Any CPU.Build.0 = Debug|Any CPU
		{3CFDF6A8-CCFD-4610-BEE6-EAC869BAACF0}.Release|Any CPU.ActiveCfg = Release|Any CPU
		{3CFDF6A8-CCFD-4610-BEE6-EAC869BAACF0}.Release|Any CPU.Build.0 = Release|Any CPU
	EndGlobalSection
EndGlobal
